
Microsoft Visual Studio Solution File, Format Version 12.00
# Visual Studio 15
VisualStudioVersion = 15.0.28010.2036
MinimumVisualStudioVersion = 10.0.40219.1
Project("{FAE04EC0-301F-11D3-BF4B-00C04F79EFBC}") = "Lab4 Nicola Magistro", "Lab4 Nicola Magistro\Lab4 Nicola Magistro.csproj", "{BB4F3659-DBF3-44E6-A8F8-576EF258FF0C}"
EndProject
Global
	GlobalSection(SolutionConfigurationPlatforms) = preSolution
		Debug|Any CPU = Debug|Any CPU
		Release|Any CPU = Release|Any CPU
	EndGlobalSection
	GlobalSection(ProjectConfigurationPlatforms) = postSolution
		{BB4F3659-DBF3-44E6-A8F8-576EF258FF0C}.Debug|Any CPU.ActiveCfg = Debug|Any CPU
		{BB4F3659-DBF3-44E6-A8F8-576EF258FF0C}.Debug|Any CPU.Build.0 = Debug|Any CPU
		{BB4F3659-DBF3-44E6-A8F8-576EF258FF0C}.Release|Any CPU.ActiveCfg = Release|Any CPU
		{BB4F3659-DBF3-44E6-A8F8-576EF258FF0C}.Release|Any CPU.Build.0 = Release|Any CPU
	EndGlobalSection
	GlobalSection(SolutionProperties) = preSolution
		HideSolutionNode = FALSE
	EndGlobalSection
	GlobalSection(ExtensibilityGlobals) = postSolution
		SolutionGuid = {ADBC63AA-C17F-4B02-927E-59944BEABDFA}
	EndGlobalSection
EndGlobal
