
Microsoft Visual Studio Solution File, Format Version 12.00
# Visual Studio 15
VisualStudioVersion = 15.0.28010.2036
MinimumVisualStudioVersion = 10.0.40219.1
Project("{FAE04EC0-301F-11D3-BF4B-00C04F79EFBC}") = "labw6 question 6", "labw6 question 6\labw6 question 6.csproj", "{C3C38C26-B855-4D2E-8592-7385034CC8CE}"
EndProject
Global
	GlobalSection(SolutionConfigurationPlatforms) = preSolution
		Debug|Any CPU = Debug|Any CPU
		Release|Any CPU = Release|Any CPU
	EndGlobalSection
	GlobalSection(ProjectConfigurationPlatforms) = postSolution
		{C3C38C26-B855-4D2E-8592-7385034CC8CE}.Debug|Any CPU.ActiveCfg = Debug|Any CPU
		{C3C38C26-B855-4D2E-8592-7385034CC8CE}.Debug|Any CPU.Build.0 = Debug|Any CPU
		{C3C38C26-B855-4D2E-8592-7385034CC8CE}.Release|Any CPU.ActiveCfg = Release|Any CPU
		{C3C38C26-B855-4D2E-8592-7385034CC8CE}.Release|Any CPU.Build.0 = Release|Any CPU
	EndGlobalSection
	GlobalSection(SolutionProperties) = preSolution
		HideSolutionNode = FALSE
	EndGlobalSection
	GlobalSection(ExtensibilityGlobals) = postSolution
		SolutionGuid = {6F6F9135-434B-4009-945F-B92E51B43AB7}
	EndGlobalSection
EndGlobal
