
Microsoft Visual Studio Solution File, Format Version 12.00
# Visual Studio 15
VisualStudioVersion = 15.0.28010.2036
MinimumVisualStudioVersion = 10.0.40219.1
Project("{FAE04EC0-301F-11D3-BF4B-00C04F79EFBC}") = "hello world from nicola magistro", "hello world from nicola magistro\hello world from nicola magistro.csproj", "{EF8D5E78-2315-4C4A-A113-886CCCCE6041}"
EndProject
Global
	GlobalSection(SolutionConfigurationPlatforms) = preSolution
		Debug|Any CPU = Debug|Any CPU
		Release|Any CPU = Release|Any CPU
	EndGlobalSection
	GlobalSection(ProjectConfigurationPlatforms) = postSolution
		{EF8D5E78-2315-4C4A-A113-886CCCCE6041}.Debug|Any CPU.ActiveCfg = Debug|Any CPU
		{EF8D5E78-2315-4C4A-A113-886CCCCE6041}.Debug|Any CPU.Build.0 = Debug|Any CPU
		{EF8D5E78-2315-4C4A-A113-886CCCCE6041}.Release|Any CPU.ActiveCfg = Release|Any CPU
		{EF8D5E78-2315-4C4A-A113-886CCCCE6041}.Release|Any CPU.Build.0 = Release|Any CPU
	EndGlobalSection
	GlobalSection(SolutionProperties) = preSolution
		HideSolutionNode = FALSE
	EndGlobalSection
	GlobalSection(ExtensibilityGlobals) = postSolution
		SolutionGuid = {1B57485E-5457-49C0-BC17-44A939D66B43}
	EndGlobalSection
EndGlobal
